{
  "name": "@shopgate/shopify-user",
  "version": "1.0.0",
  "lockfileVersion": 1,
  "requires": true,
  "dependencies": {
    "ajv": {
      "version": "https://registry.npmjs.org/ajv/-/ajv-4.11.8.tgz",
      "integrity": "sha1-gv+wKynmYq5TvcIK8VlHcGc5xTY=",
      "requires": {
        "co": "https://registry.npmjs.org/co/-/co-4.6.0.tgz",
        "json-stable-stringify": "https://registry.npmjs.org/json-stable-stringify/-/json-stable-stringify-1.0.1.tgz"
      }
    },
    "asn1": {
      "version": "https://sinopia.shopgate.services/asn1/-/asn1-0.2.3.tgz",
      "integrity": "sha1-2sh4dxPJlmhJ/IGAd36+nB3fO4Y="
    },
    "assert-plus": {
      "version": "https://sinopia.shopgate.services/assert-plus/-/assert-plus-0.2.0.tgz",
      "integrity": "sha1-104bh+ev/A24qttwIfP+SBAasjQ="
    },
    "asynckit": {
      "version": "https://sinopia.shopgate.services/asynckit/-/asynckit-0.4.0.tgz",
      "integrity": "sha1-x57Zf380y48robyXkLzDZkdLS3k="
    },
    "aws-sign2": {
      "version": "https://sinopia.shopgate.services/aws-sign2/-/aws-sign2-0.6.0.tgz",
      "integrity": "sha1-FDQt0428yU0OW4fXY81jYSwOeU8="
    },
    "aws4": {
      "version": "https://sinopia.shopgate.services/aws4/-/aws4-1.6.0.tgz",
      "integrity": "sha1-g+9cqGCysy5KDe7e6MdxudtXRx4="
    },
    "bcrypt-pbkdf": {
      "version": "https://sinopia.shopgate.services/bcrypt-pbkdf/-/bcrypt-pbkdf-1.0.1.tgz",
      "integrity": "sha1-Y7xdy2EzG5K8Bf1SiVPDNGKgb40=",
      "optional": true,
      "requires": {
        "tweetnacl": "https://sinopia.shopgate.services/tweetnacl/-/tweetnacl-0.14.5.tgz"
      }
    },
    "bignumber.js": {
      "version": "https://registry.npmjs.org/bignumber.js/-/bignumber.js-1.1.1.tgz",
      "integrity": "sha1-GkFdmsAUwTJWrx/u2dGj5XF6jPc="
    },
    "boom": {
      "version": "https://sinopia.shopgate.services/boom/-/boom-2.10.1.tgz",
      "integrity": "sha1-OciRjO/1eZ+D+UkqhI9iWt0Mdm8=",
      "requires": {
        "hoek": "https://sinopia.shopgate.services/hoek/-/hoek-2.16.3.tgz"
      }
    },
    "caseless": {
      "version": "https://sinopia.shopgate.services/caseless/-/caseless-0.12.0.tgz",
      "integrity": "sha1-G2gcIf+EAzyCZUMJBolCDRhxUdw="
    },
    "co": {
      "version": "https://registry.npmjs.org/co/-/co-4.6.0.tgz",
      "integrity": "sha1-bqa989hTrlTMuOR7+gvz+QMfsYQ="
    },
    "combined-stream": {
      "version": "https://sinopia.shopgate.services/combined-stream/-/combined-stream-1.0.5.tgz",
      "integrity": "sha1-k4NwpXtKUd6ix3wV1cX9+JUWQAk=",
      "requires": {
        "delayed-stream": "https://sinopia.shopgate.services/delayed-stream/-/delayed-stream-1.0.0.tgz"
      }
    },
    "core-util-is": {
      "version": "https://registry.npmjs.org/core-util-is/-/core-util-is-1.0.2.tgz",
      "integrity": "sha1-tf1UIgqivFq1eqtxQMlAdUUDwac="
    },
    "cryptiles": {
      "version": "https://sinopia.shopgate.services/cryptiles/-/cryptiles-2.0.5.tgz",
      "integrity": "sha1-O9/s3GCBR8HGcgL6KR59ylnqo7g=",
      "requires": {
        "boom": "https://sinopia.shopgate.services/boom/-/boom-2.10.1.tgz"
      }
    },
    "crypto-js": {
      "version": "3.1.9-1",
      "resolved": "http://sinopia.shopgate.services/crypto-js/-/crypto-js-3.1.9-1.tgz",
      "integrity": "sha1-/aGedh/Ad+Af+/3G6f38WeiAbNg="
    },
    "dashdash": {
      "version": "https://sinopia.shopgate.services/dashdash/-/dashdash-1.14.1.tgz",
      "integrity": "sha1-hTz6D3y+L+1d4gMmuN1YEDX24vA=",
      "requires": {
        "assert-plus": "https://sinopia.shopgate.services/assert-plus/-/assert-plus-1.0.0.tgz"
      },
      "dependencies": {
        "assert-plus": {
          "version": "https://sinopia.shopgate.services/assert-plus/-/assert-plus-1.0.0.tgz",
          "integrity": "sha1-8S4PPF13sLHN2RRpQuTpbB5N1SU="
        }
      }
    },
    "decompress-response": {
      "version": "https://registry.npmjs.org/decompress-response/-/decompress-response-3.3.0.tgz",
      "integrity": "sha1-gKTdMjdIOEv6JICDYirt7Jgq3/M=",
      "requires": {
        "mimic-response": "https://registry.npmjs.org/mimic-response/-/mimic-response-1.0.0.tgz"
      }
    },
    "delayed-stream": {
      "version": "https://sinopia.shopgate.services/delayed-stream/-/delayed-stream-1.0.0.tgz",
      "integrity": "sha1-3zrhmayt+31ECqrgsp4icrJOxhk="
    },
    "duplexer3": {
      "version": "https://registry.npmjs.org/duplexer3/-/duplexer3-0.1.4.tgz",
      "integrity": "sha1-7gHdHKwO08vH/b6jfcCo8c4ALOI="
    },
    "ecc-jsbn": {
      "version": "https://sinopia.shopgate.services/ecc-jsbn/-/ecc-jsbn-0.1.1.tgz",
      "integrity": "sha1-D8c6ntXw1Tw4GTOYUj735UN3dQU=",
      "optional": true,
      "requires": {
        "jsbn": "https://sinopia.shopgate.services/jsbn/-/jsbn-0.1.1.tgz"
      }
    },
    "extend": {
      "version": "https://sinopia.shopgate.services/extend/-/extend-3.0.1.tgz",
      "integrity": "sha1-p1Xqe8Gt/MWjHOfnYtuq3F5jZEQ="
    },
    "extsprintf": {
      "version": "https://sinopia.shopgate.services/extsprintf/-/extsprintf-1.3.0.tgz",
      "integrity": "sha1-lpGEQOMEGnpBT4xS48V06zw+HgU="
    },
    "forever-agent": {
      "version": "https://sinopia.shopgate.services/forever-agent/-/forever-agent-0.6.1.tgz",
      "integrity": "sha1-+8cfDEGt6zf5bFd60e1C2P2sypE="
    },
    "form-data": {
      "version": "https://sinopia.shopgate.services/form-data/-/form-data-2.1.4.tgz",
      "integrity": "sha1-M8GDrPGTJ27KqYFDpp6Uv+4XUNE=",
      "requires": {
        "asynckit": "https://sinopia.shopgate.services/asynckit/-/asynckit-0.4.0.tgz",
        "combined-stream": "https://sinopia.shopgate.services/combined-stream/-/combined-stream-1.0.5.tgz",
        "mime-types": "https://sinopia.shopgate.services/mime-types/-/mime-types-2.1.16.tgz"
      }
    },
    "get-stream": {
      "version": "https://registry.npmjs.org/get-stream/-/get-stream-3.0.0.tgz",
      "integrity": "sha1-jpQ9E1jcN1VQVOy+LtsFqhdO3hQ="
    },
    "getpass": {
      "version": "https://sinopia.shopgate.services/getpass/-/getpass-0.1.7.tgz",
      "integrity": "sha1-Xv+OPmhNVprkyysSgmBOi6YhSfo=",
      "requires": {
        "assert-plus": "https://sinopia.shopgate.services/assert-plus/-/assert-plus-1.0.0.tgz"
      },
      "dependencies": {
        "assert-plus": {
          "version": "https://sinopia.shopgate.services/assert-plus/-/assert-plus-1.0.0.tgz",
          "integrity": "sha1-8S4PPF13sLHN2RRpQuTpbB5N1SU="
        }
      }
    },
    "got": {
      "version": "https://sinopia.shopgate.services/got/-/got-7.1.0.tgz",
      "integrity": "sha1-BUUP2ECU5rvqVvRRpDqcKJFmOFo=",
      "requires": {
        "decompress-response": "https://registry.npmjs.org/decompress-response/-/decompress-response-3.3.0.tgz",
        "duplexer3": "https://registry.npmjs.org/duplexer3/-/duplexer3-0.1.4.tgz",
        "get-stream": "https://registry.npmjs.org/get-stream/-/get-stream-3.0.0.tgz",
        "is-plain-obj": "https://registry.npmjs.org/is-plain-obj/-/is-plain-obj-1.1.0.tgz",
        "is-retry-allowed": "https://registry.npmjs.org/is-retry-allowed/-/is-retry-allowed-1.1.0.tgz",
        "is-stream": "https://registry.npmjs.org/is-stream/-/is-stream-1.1.0.tgz",
        "isurl": "https://sinopia.shopgate.services/isurl/-/isurl-1.0.0.tgz",
        "lowercase-keys": "https://registry.npmjs.org/lowercase-keys/-/lowercase-keys-1.0.0.tgz",
        "p-cancelable": "https://sinopia.shopgate.services/p-cancelable/-/p-cancelable-0.3.0.tgz",
        "p-timeout": "https://sinopia.shopgate.services/p-timeout/-/p-timeout-1.2.0.tgz",
        "safe-buffer": "https://registry.npmjs.org/safe-buffer/-/safe-buffer-5.1.1.tgz",
        "timed-out": "https://registry.npmjs.org/timed-out/-/timed-out-4.0.1.tgz",
        "url-parse-lax": "https://registry.npmjs.org/url-parse-lax/-/url-parse-lax-1.0.0.tgz",
        "url-to-options": "https://sinopia.shopgate.services/url-to-options/-/url-to-options-1.0.1.tgz"
      }
    },
    "har-schema": {
      "version": "https://sinopia.shopgate.services/har-schema/-/har-schema-1.0.5.tgz",
      "integrity": "sha1-0mMTX0MwfALGAq/I/pWXDAFRNp4="
    },
    "har-validator": {
      "version": "https://sinopia.shopgate.services/har-validator/-/har-validator-4.2.1.tgz",
      "integrity": "sha1-M0gdDxu/9gDdID11gSpqX7oALio=",
      "requires": {
        "ajv": "https://registry.npmjs.org/ajv/-/ajv-4.11.8.tgz",
        "har-schema": "https://sinopia.shopgate.services/har-schema/-/har-schema-1.0.5.tgz"
      }
    },
    "has-symbol-support-x": {
      "version": "https://sinopia.shopgate.services/has-symbol-support-x/-/has-symbol-support-x-1.4.0.tgz",
      "integrity": "sha1-RC2JsdCsbPX/L3uRbuU5hpuTolY="
    },
    "has-to-string-tag-x": {
      "version": "https://sinopia.shopgate.services/has-to-string-tag-x/-/has-to-string-tag-x-1.4.0.tgz",
      "integrity": "sha1-Sde83oXCQJvjisMn4+EZpFFlfHs=",
      "requires": {
        "has-symbol-support-x": "https://sinopia.shopgate.services/has-symbol-support-x/-/has-symbol-support-x-1.4.0.tgz"
      }
    },
    "hawk": {
      "version": "https://sinopia.shopgate.services/hawk/-/hawk-3.1.3.tgz",
      "integrity": "sha1-B4REvXwWQLD+VA0sm3PVlnjo4cQ=",
      "requires": {
        "boom": "https://sinopia.shopgate.services/boom/-/boom-2.10.1.tgz",
        "cryptiles": "https://sinopia.shopgate.services/cryptiles/-/cryptiles-2.0.5.tgz",
        "hoek": "https://sinopia.shopgate.services/hoek/-/hoek-2.16.3.tgz",
        "sntp": "https://sinopia.shopgate.services/sntp/-/sntp-1.0.9.tgz"
      }
    },
    "hoek": {
      "version": "https://sinopia.shopgate.services/hoek/-/hoek-2.16.3.tgz",
      "integrity": "sha1-ILt0A9POo5jpHcRxCo/xuCdKJe0="
    },
    "http-signature": {
      "version": "https://sinopia.shopgate.services/http-signature/-/http-signature-1.1.1.tgz",
      "integrity": "sha1-33LiZwZs0Kxn+3at+OE0qPvPkb8=",
      "requires": {
        "assert-plus": "https://sinopia.shopgate.services/assert-plus/-/assert-plus-0.2.0.tgz",
        "jsprim": "https://sinopia.shopgate.services/jsprim/-/jsprim-1.4.1.tgz",
        "sshpk": "https://registry.npmjs.org/sshpk/-/sshpk-1.13.1.tgz"
      }
    },
    "is-object": {
      "version": "https://registry.npmjs.org/is-object/-/is-object-1.0.1.tgz",
      "integrity": "sha1-iVJojF7C/9awPsyF52ngKQMINHA="
    },
    "is-plain-obj": {
      "version": "https://registry.npmjs.org/is-plain-obj/-/is-plain-obj-1.1.0.tgz",
      "integrity": "sha1-caUMhCnfync8kqOQpKA7OfzVHT4="
    },
    "is-retry-allowed": {
      "version": "https://registry.npmjs.org/is-retry-allowed/-/is-retry-allowed-1.1.0.tgz",
      "integrity": "sha1-EaBgVotnM5REAz0BJaYaINVk+zQ="
    },
    "is-stream": {
      "version": "https://registry.npmjs.org/is-stream/-/is-stream-1.1.0.tgz",
      "integrity": "sha1-EtSj3U5o4Lec6428hBc66A2RykQ="
    },
    "is-typedarray": {
      "version": "https://sinopia.shopgate.services/is-typedarray/-/is-typedarray-1.0.0.tgz",
      "integrity": "sha1-5HnICFjfDBsR3dppQPlgEfzaSpo="
    },
    "isstream": {
      "version": "https://sinopia.shopgate.services/isstream/-/isstream-0.1.2.tgz",
      "integrity": "sha1-R+Y/evVa+m+S4VAOaQ64uFKcCZo="
    },
    "isurl": {
      "version": "https://sinopia.shopgate.services/isurl/-/isurl-1.0.0.tgz",
      "integrity": "sha1-sn9PSfPNqj6kSgpbfzRi5u3DnWc=",
      "requires": {
        "has-to-string-tag-x": "https://sinopia.shopgate.services/has-to-string-tag-x/-/has-to-string-tag-x-1.4.0.tgz",
        "is-object": "https://registry.npmjs.org/is-object/-/is-object-1.0.1.tgz"
      }
    },
    "jsbn": {
      "version": "https://sinopia.shopgate.services/jsbn/-/jsbn-0.1.1.tgz",
      "integrity": "sha1-peZUwuWi3rXyAdls77yoDA7y9RM=",
      "optional": true
    },
    "json-bigint": {
      "version": "https://registry.npmjs.org/json-bigint/-/json-bigint-0.1.4.tgz",
      "integrity": "sha1-tdQLipAJ6S8Vf3wHnbCXABgw4B4=",
      "requires": {
        "bignumber.js": "https://registry.npmjs.org/bignumber.js/-/bignumber.js-1.1.1.tgz"
      }
    },
    "json-schema": {
      "version": "https://sinopia.shopgate.services/json-schema/-/json-schema-0.2.3.tgz",
      "integrity": "sha1-tIDIkuWaLwWVTOcnvT8qTogvnhM="
    },
    "json-stable-stringify": {
      "version": "https://registry.npmjs.org/json-stable-stringify/-/json-stable-stringify-1.0.1.tgz",
      "integrity": "sha1-mnWdOcXy/1A/1TAGRu1EX4jE+a8=",
      "requires": {
        "jsonify": "https://registry.npmjs.org/jsonify/-/jsonify-0.0.0.tgz"
      }
    },
    "json-stringify-safe": {
      "version": "https://sinopia.shopgate.services/json-stringify-safe/-/json-stringify-safe-5.0.1.tgz",
      "integrity": "sha1-Epai1Y/UXxmg9s4B1lcB4sc1tus="
    },
    "jsonify": {
      "version": "https://registry.npmjs.org/jsonify/-/jsonify-0.0.0.tgz",
      "integrity": "sha1-LHS27kHZPKUbe1qu6PUDYx0lKnM="
    },
    "jsprim": {
      "version": "https://sinopia.shopgate.services/jsprim/-/jsprim-1.4.1.tgz",
      "integrity": "sha1-MT5mvB5cwG5Di8G3SZwuXFastqI=",
      "requires": {
        "assert-plus": "https://sinopia.shopgate.services/assert-plus/-/assert-plus-1.0.0.tgz",
        "extsprintf": "https://sinopia.shopgate.services/extsprintf/-/extsprintf-1.3.0.tgz",
        "json-schema": "https://sinopia.shopgate.services/json-schema/-/json-schema-0.2.3.tgz",
        "verror": "https://sinopia.shopgate.services/verror/-/verror-1.10.0.tgz"
      },
      "dependencies": {
        "assert-plus": {
          "version": "https://sinopia.shopgate.services/assert-plus/-/assert-plus-1.0.0.tgz",
          "integrity": "sha1-8S4PPF13sLHN2RRpQuTpbB5N1SU="
        }
      }
    },
    "lodash": {
      "version": "https://registry.npmjs.org/lodash/-/lodash-4.17.4.tgz",
      "integrity": "sha1-eCA6TRwyiuHYbcpkYONptX9AVa4="
    },
    "lowercase-keys": {
      "version": "https://registry.npmjs.org/lowercase-keys/-/lowercase-keys-1.0.0.tgz",
      "integrity": "sha1-TjNms55/VFfjXxMkvfb4jQv8cwY="
    },
    "mime-db": {
      "version": "https://sinopia.shopgate.services/mime-db/-/mime-db-1.29.0.tgz",
      "integrity": "sha1-SNJtI1WJZRcErFkWygYAGRQmaHg="
    },
    "mime-types": {
      "version": "https://sinopia.shopgate.services/mime-types/-/mime-types-2.1.16.tgz",
      "integrity": "sha1-K4WKUuXs1RbbiXrCvodIeDBpjiM=",
      "requires": {
        "mime-db": "https://sinopia.shopgate.services/mime-db/-/mime-db-1.29.0.tgz"
      }
    },
    "mimic-response": {
      "version": "https://registry.npmjs.org/mimic-response/-/mimic-response-1.0.0.tgz",
      "integrity": "sha1-3z02Uqc/3ta5sLJBRub9BSNTRY4="
    },
    "oauth-sign": {
      "version": "https://sinopia.shopgate.services/oauth-sign/-/oauth-sign-0.8.2.tgz",
      "integrity": "sha1-Rqarfwrq2N6unsBWV4C31O/rnUM="
    },
    "p-cancelable": {
      "version": "https://sinopia.shopgate.services/p-cancelable/-/p-cancelable-0.3.0.tgz",
      "integrity": "sha1-ueEjgAvOu3rBOkeb4ZW1B7mNMPo="
    },
    "p-finally": {
      "version": "https://sinopia.shopgate.services/p-finally/-/p-finally-1.0.0.tgz",
      "integrity": "sha1-P7z7FbiZpEEjs0ttzBi3JDNqLK4="
    },
    "p-timeout": {
      "version": "https://sinopia.shopgate.services/p-timeout/-/p-timeout-1.2.0.tgz",
      "integrity": "sha1-mCD5lDTFgXhotPNICe5SkWYNW2w=",
      "requires": {
        "p-finally": "https://sinopia.shopgate.services/p-finally/-/p-finally-1.0.0.tgz"
      }
    },
    "performance-now": {
      "version": "https://sinopia.shopgate.services/performance-now/-/performance-now-0.2.0.tgz",
      "integrity": "sha1-M+8wxcd9TqIcWlOGnZG1bY8lVeU="
    },
    "prepend-http": {
      "version": "https://registry.npmjs.org/prepend-http/-/prepend-http-1.0.4.tgz",
      "integrity": "sha1-1PRWKwzjaW5BrFLQ4ALlemNdxtw="
    },
    "punycode": {
      "version": "https://sinopia.shopgate.services/punycode/-/punycode-1.4.1.tgz",
      "integrity": "sha1-wNWmOycYgArY4esPpSachN1BhF4="
    },
    "qs": {
      "version": "https://registry.npmjs.org/qs/-/qs-6.4.0.tgz",
      "integrity": "sha1-E+JtKK1rD/qpExLNO/cI7TUecjM="
    },
    "request": {
      "version": "https://sinopia.shopgate.services/request/-/request-2.81.0.tgz",
      "integrity": "sha1-xpKJRqDgbF+Nb4qTM0af/aRimKA=",
      "requires": {
        "aws-sign2": "https://sinopia.shopgate.services/aws-sign2/-/aws-sign2-0.6.0.tgz",
        "aws4": "https://sinopia.shopgate.services/aws4/-/aws4-1.6.0.tgz",
        "caseless": "https://sinopia.shopgate.services/caseless/-/caseless-0.12.0.tgz",
        "combined-stream": "https://sinopia.shopgate.services/combined-stream/-/combined-stream-1.0.5.tgz",
        "extend": "https://sinopia.shopgate.services/extend/-/extend-3.0.1.tgz",
        "forever-agent": "https://sinopia.shopgate.services/forever-agent/-/forever-agent-0.6.1.tgz",
        "form-data": "https://sinopia.shopgate.services/form-data/-/form-data-2.1.4.tgz",
        "har-validator": "https://sinopia.shopgate.services/har-validator/-/har-validator-4.2.1.tgz",
        "hawk": "https://sinopia.shopgate.services/hawk/-/hawk-3.1.3.tgz",
        "http-signature": "https://sinopia.shopgate.services/http-signature/-/http-signature-1.1.1.tgz",
        "is-typedarray": "https://sinopia.shopgate.services/is-typedarray/-/is-typedarray-1.0.0.tgz",
        "isstream": "https://sinopia.shopgate.services/isstream/-/isstream-0.1.2.tgz",
        "json-stringify-safe": "https://sinopia.shopgate.services/json-stringify-safe/-/json-stringify-safe-5.0.1.tgz",
        "mime-types": "https://sinopia.shopgate.services/mime-types/-/mime-types-2.1.16.tgz",
        "oauth-sign": "https://sinopia.shopgate.services/oauth-sign/-/oauth-sign-0.8.2.tgz",
        "performance-now": "https://sinopia.shopgate.services/performance-now/-/performance-now-0.2.0.tgz",
        "qs": "https://registry.npmjs.org/qs/-/qs-6.4.0.tgz",
        "safe-buffer": "https://registry.npmjs.org/safe-buffer/-/safe-buffer-5.1.1.tgz",
        "stringstream": "https://sinopia.shopgate.services/stringstream/-/stringstream-0.0.5.tgz",
        "tough-cookie": "https://sinopia.shopgate.services/tough-cookie/-/tough-cookie-2.3.2.tgz",
        "tunnel-agent": "https://sinopia.shopgate.services/tunnel-agent/-/tunnel-agent-0.6.0.tgz",
        "uuid": "https://registry.npmjs.org/uuid/-/uuid-3.1.0.tgz"
      }
    },
    "safe-buffer": {
      "version": "https://registry.npmjs.org/safe-buffer/-/safe-buffer-5.1.1.tgz",
      "integrity": "sha1-iTMSr2myEj3vcfV4iQAWce6yyFM="
    },
    "shopify-api-node": {
      "version": "https://sinopia.shopgate.services/shopify-api-node/-/shopify-api-node-2.8.0.tgz",
      "integrity": "sha1-t0y+JoEOEdDWk1ja+AFaSQOhrfo=",
      "requires": {
        "got": "https://sinopia.shopgate.services/got/-/got-7.1.0.tgz",
        "lodash": "https://registry.npmjs.org/lodash/-/lodash-4.17.4.tgz",
        "qs": "https://registry.npmjs.org/qs/-/qs-6.4.0.tgz",
        "stopcock": "https://registry.npmjs.org/stopcock/-/stopcock-1.0.0.tgz"
      }
    },
    "shopify-node-api": {
      "version": "https://sinopia.shopgate.services/shopify-node-api/-/shopify-node-api-1.8.0.tgz",
      "integrity": "sha1-EVkeLMHT9A7MozBwBf0drJKBMBE=",
      "requires": {
        "json-bigint": "https://registry.npmjs.org/json-bigint/-/json-bigint-0.1.4.tgz"
      }
    },
    "sntp": {
      "version": "https://sinopia.shopgate.services/sntp/-/sntp-1.0.9.tgz",
      "integrity": "sha1-ZUEYTMkK7qbG57NeJlkIJEPGYZg=",
      "requires": {
        "hoek": "https://sinopia.shopgate.services/hoek/-/hoek-2.16.3.tgz"
      }
    },
    "sshpk": {
      "version": "https://registry.npmjs.org/sshpk/-/sshpk-1.13.1.tgz",
      "integrity": "sha1-US322mKHFEMW3EwY/hzx2UBzm+M=",
      "requires": {
        "asn1": "https://sinopia.shopgate.services/asn1/-/asn1-0.2.3.tgz",
        "assert-plus": "https://sinopia.shopgate.services/assert-plus/-/assert-plus-1.0.0.tgz",
        "bcrypt-pbkdf": "https://sinopia.shopgate.services/bcrypt-pbkdf/-/bcrypt-pbkdf-1.0.1.tgz",
        "dashdash": "https://sinopia.shopgate.services/dashdash/-/dashdash-1.14.1.tgz",
        "ecc-jsbn": "https://sinopia.shopgate.services/ecc-jsbn/-/ecc-jsbn-0.1.1.tgz",
        "getpass": "https://sinopia.shopgate.services/getpass/-/getpass-0.1.7.tgz",
        "jsbn": "https://sinopia.shopgate.services/jsbn/-/jsbn-0.1.1.tgz",
        "tweetnacl": "https://sinopia.shopgate.services/tweetnacl/-/tweetnacl-0.14.5.tgz"
      },
      "dependencies": {
        "assert-plus": {
          "version": "https://sinopia.shopgate.services/assert-plus/-/assert-plus-1.0.0.tgz",
          "integrity": "sha1-8S4PPF13sLHN2RRpQuTpbB5N1SU="
        }
      }
    },
    "stopcock": {
      "version": "https://registry.npmjs.org/stopcock/-/stopcock-1.0.0.tgz",
      "integrity": "sha1-MUmvE+CTjwGQ6BheGBxKmuGMnOU="
    },
    "stringstream": {
      "version": "https://sinopia.shopgate.services/stringstream/-/stringstream-0.0.5.tgz",
      "integrity": "sha1-TkhM1N5aC7vuGORjB3EKioFiGHg="
    },
    "timed-out": {
      "version": "https://registry.npmjs.org/timed-out/-/timed-out-4.0.1.tgz",
      "integrity": "sha1-8y6srFoXW+ol1/q1Zas+2HQe9W8="
    },
    "tough-cookie": {
      "version": "https://sinopia.shopgate.services/tough-cookie/-/tough-cookie-2.3.2.tgz",
      "integrity": "sha1-8IH3bkyFcg5sN6X6ztc3FQ2EByo=",
      "requires": {
        "punycode": "https://sinopia.shopgate.services/punycode/-/punycode-1.4.1.tgz"
      }
    },
    "tunnel-agent": {
      "version": "https://sinopia.shopgate.services/tunnel-agent/-/tunnel-agent-0.6.0.tgz",
      "integrity": "sha1-J6XeoGs2sEoKmWZ3SykIaPD8QP0=",
      "requires": {
        "safe-buffer": "https://registry.npmjs.org/safe-buffer/-/safe-buffer-5.1.1.tgz"
      }
    },
    "tweetnacl": {
      "version": "https://sinopia.shopgate.services/tweetnacl/-/tweetnacl-0.14.5.tgz",
      "integrity": "sha1-WuaBd/GS1EViadEIr6k/+HQ/T2Q=",
      "optional": true
    },
    "underscore": {
      "version": "http://sinopia.shopgate.services:4873/underscore/-/underscore-1.8.3.tgz",
      "integrity": "sha1-Tz+1OxBuYJf8+ctBCfKl6b36UCI="
    },
    "url-parse-lax": {
      "version": "https://registry.npmjs.org/url-parse-lax/-/url-parse-lax-1.0.0.tgz",
      "integrity": "sha1-evjzA2Rem9eaJy56FKxovAYJ2nM=",
      "requires": {
        "prepend-http": "https://registry.npmjs.org/prepend-http/-/prepend-http-1.0.4.tgz"
      }
    },
    "url-to-options": {
      "version": "https://sinopia.shopgate.services/url-to-options/-/url-to-options-1.0.1.tgz",
      "integrity": "sha1-FQWgOiiaSMvXpDTvuu7FBV9WM6k="
    },
    "uuid": {
      "version": "https://registry.npmjs.org/uuid/-/uuid-3.1.0.tgz",
      "integrity": "sha1-PdPT55Crwk17DToDT/q6vijrvAQ="
    },
    "verror": {
      "version": "https://sinopia.shopgate.services/verror/-/verror-1.10.0.tgz",
      "integrity": "sha1-OhBcoXBTr1XW4nDB+CiGguGNpAA=",
      "requires": {
        "assert-plus": "https://sinopia.shopgate.services/assert-plus/-/assert-plus-1.0.0.tgz",
        "core-util-is": "https://registry.npmjs.org/core-util-is/-/core-util-is-1.0.2.tgz",
        "extsprintf": "https://sinopia.shopgate.services/extsprintf/-/extsprintf-1.3.0.tgz"
      },
      "dependencies": {
        "assert-plus": {
          "version": "https://sinopia.shopgate.services/assert-plus/-/assert-plus-1.0.0.tgz",
          "integrity": "sha1-8S4PPF13sLHN2RRpQuTpbB5N1SU="
        }
      }
    }
  }
}
